
Microsoft Visual Studio Solution File, Format Version 12.00
# Visual Studio Version 17
VisualStudioVersion = 17.3.32819.101
MinimumVisualStudioVersion = 10.0.40219.1
Project("{2150E333-8FDC-42A3-9474-1A3956D46DE8}") = "src", "src", "{4DC69E2E-576E-4B3A-9634-B124BC69888F}"
EndProject
Project("{2150E333-8FDC-42A3-9474-1A3956D46DE8}") = "corePackages", "corePackages", "{28EBA5FC-4683-4833-BF37-1F901BEC96B3}"
EndProject
Project("{9A19103F-16F7-4668-BE54-9A1E7A4F7556}") = "Core.Application", "src\corePackages\Core.Application\Core.Application.csproj", "{8868A9B4-B27D-4F9C-81EE-83D0FDA035AE}"
EndProject
Project("{9A19103F-16F7-4668-BE54-9A1E7A4F7556}") = "Core.CrossCuttingConcerns", "src\corePackages\Core.CrossCuttingConcerns\Core.CrossCuttingConcerns.csproj", "{DB62885D-A349-497E-955B-0DE2B141D734}"
EndProject
Project("{9A19103F-16F7-4668-BE54-9A1E7A4F7556}") = "Core.Persistance", "src\corePackages\Core.Persistance\Core.Persistance.csproj", "{CF507548-AC05-4225-B456-E0FAF353D22B}"
EndProject
Project("{9A19103F-16F7-4668-BE54-9A1E7A4F7556}") = "Core.Security", "src\corePackages\Core.Security\Core.Security.csproj", "{D93CBE6E-D144-4D00-9BB5-F958992A9D1D}"
EndProject
Project("{9A19103F-16F7-4668-BE54-9A1E7A4F7556}") = "Core.Shared", "src\corePackages\Core.Shared\Core.Shared.csproj", "{E0FD4660-BD33-4AD5-9698-FE39F5E42A41}"
EndProject
Project("{9A19103F-16F7-4668-BE54-9A1E7A4F7556}") = "Core.Tools", "src\corePackages\Core.Tools\Core.Tools.csproj", "{B4376C2B-BEE7-4965-A63B-0B224204074E}"
EndProject
Project("{2150E333-8FDC-42A3-9474-1A3956D46DE8}") = "projects", "projects", "{7202B24F-590E-498D-8494-5CA511EB60BC}"
EndProject
Project("{2150E333-8FDC-42A3-9474-1A3956D46DE8}") = "Child", "Child", "{C96413CC-A34E-42C3-AE7F-D33F56087B51}"
EndProject
Project("{9A19103F-16F7-4668-BE54-9A1E7A4F7556}") = "Child.Application", "src\projects\Child\Child.Application\Child.Application.csproj", "{99457CB1-6C0A-4D58-B5E8-026A4486A299}"
EndProject
Project("{9A19103F-16F7-4668-BE54-9A1E7A4F7556}") = "Child.Domain", "src\projects\Child\Child.Domain\Child.Domain.csproj", "{B42DA253-C962-42B3-ACE6-9B6FA45C0E71}"
EndProject
Project("{9A19103F-16F7-4668-BE54-9A1E7A4F7556}") = "Child.Infrasructure", "src\projects\Child\Child.Infrasructure\Child.Infrasructure.csproj", "{5D24F65C-23FA-4A15-A95B-2AAEABC92FF3}"
EndProject
Project("{9A19103F-16F7-4668-BE54-9A1E7A4F7556}") = "Child.Persistance", "src\projects\Child\Child.Persistance\Child.Persistance.csproj", "{B1175231-0251-47DC-B523-BE20A17C331B}"
EndProject
Project("{9A19103F-16F7-4668-BE54-9A1E7A4F7556}") = "Child.WebAPI", "src\projects\Child\Child.WebAPI\Child.WebAPI.csproj", "{D41CCE96-F34A-4F78-BA71-543C5BEDBA29}"
EndProject
Project("{2150E333-8FDC-42A3-9474-1A3956D46DE8}") = "ChildMaterializedView", "ChildMaterializedView", "{AD3323CB-9A8B-4FA2-B913-77B1850199C3}"
EndProject
Project("{9A19103F-16F7-4668-BE54-9A1E7A4F7556}") = "Application", "src\projects\ChildMaterializedView\Application\Application.csproj", "{8269684C-60E1-425A-B469-285624EE1FC7}"
EndProject
Project("{9A19103F-16F7-4668-BE54-9A1E7A4F7556}") = "Domain", "src\projects\ChildMaterializedView\Domain\Domain.csproj", "{4C2678EF-E325-4617-B96C-F2C293A48694}"
EndProject
Project("{9A19103F-16F7-4668-BE54-9A1E7A4F7556}") = "Persistance", "src\projects\ChildMaterializedView\Persistance\Persistance.csproj", "{13D794CA-CFBC-44CE-816A-088768F62F88}"
EndProject
Project("{9A19103F-16F7-4668-BE54-9A1E7A4F7556}") = "WebAPI", "src\projects\ChildMaterializedView\WebAPI\WebAPI.csproj", "{85672003-B41D-4323-A0E3-670D8901515F}"
EndProject
Project("{2150E333-8FDC-42A3-9474-1A3956D46DE8}") = "ChildParents", "ChildParents", "{3EC1A2EE-7DAE-446F-8310-CB303C047DB5}"
EndProject
Project("{9A19103F-16F7-4668-BE54-9A1E7A4F7556}") = "ChildParents.Application", "src\projects\ChildParents\ChildParents.Application\ChildParents.Application.csproj", "{E1BC1F41-1FC8-4BDD-ADAE-4427E6E1A937}"
EndProject
Project("{9A19103F-16F7-4668-BE54-9A1E7A4F7556}") = "ChildParents.Domain", "src\projects\ChildParents\ChildParents.Domain\ChildParents.Domain.csproj", "{881F901F-C13F-4B7F-B2ED-6179967EF76F}"
EndProject
Project("{9A19103F-16F7-4668-BE54-9A1E7A4F7556}") = "ChildParents.Persistance", "src\projects\ChildParents\ChildParents.Persistance\ChildParents.Persistance.csproj", "{CBC00828-6590-4305-A1DE-0E541F9069A9}"
EndProject
Project("{9A19103F-16F7-4668-BE54-9A1E7A4F7556}") = "ChildParents.WebAPI", "src\projects\ChildParents\ChildParents.WebAPI\ChildParents.WebAPI.csproj", "{CEE317DA-BB90-452E-A8F4-92BB90A35333}"
EndProject
Project("{2150E333-8FDC-42A3-9474-1A3956D46DE8}") = "Gender", "Gender", "{A6DE4896-1A3B-46F2-A702-206EC6923A27}"
EndProject
Project("{9A19103F-16F7-4668-BE54-9A1E7A4F7556}") = "Gender.Application", "src\projects\Gender\Gender.Application\Gender.Application.csproj", "{27A22EC9-9F29-4D79-B2D6-BAF9F56CEE60}"
EndProject
Project("{9A19103F-16F7-4668-BE54-9A1E7A4F7556}") = "Gender.Domain", "src\projects\Gender\Gender.Domain\Gender.Domain.csproj", "{B29340CA-E8DE-4CCE-9E54-0B28E9F6DAEB}"
EndProject
Project("{9A19103F-16F7-4668-BE54-9A1E7A4F7556}") = "Gender.Persistance", "src\projects\Gender\Gender.Persistance\Gender.Persistance.csproj", "{D969DD45-0F2E-4B70-89EF-F51152BF0129}"
EndProject
Project("{9A19103F-16F7-4668-BE54-9A1E7A4F7556}") = "Gender.WebAPI", "src\projects\Gender\Gender.WebAPI\Gender.WebAPI.csproj", "{528C5A8C-D1C7-47C2-BE0A-8115A4EC6B31}"
EndProject
Project("{2150E333-8FDC-42A3-9474-1A3956D46DE8}") = "QuestionAnswer", "QuestionAnswer", "{CCDD3ECF-D058-46FE-B03B-CFF0F9258C13}"
EndProject
Project("{9A19103F-16F7-4668-BE54-9A1E7A4F7556}") = "QuestionAnswer.Business", "src\projects\QuestionAnswer\QuestionAnswer.Business\QuestionAnswer.Business.csproj", "{E3A5440C-1FE5-4954-B1FD-95CBB81E1E5A}"
EndProject
Project("{9A19103F-16F7-4668-BE54-9A1E7A4F7556}") = "QuestionAnswer.DataAccess", "src\projects\QuestionAnswer\QuestionAnswer.DataAccess\QuestionAnswer.DataAccess.csproj", "{32C83B6F-344C-4030-AD3F-E7D9DD5B01C6}"
EndProject
Project("{9A19103F-16F7-4668-BE54-9A1E7A4F7556}") = "QuestionAnswer.Entities", "src\projects\QuestionAnswer\QuestionAnswer.Entities\QuestionAnswer.Entities.csproj", "{B8A26983-E8B1-4FD8-BC97-331F4F4A1C80}"
EndProject
Project("{9A19103F-16F7-4668-BE54-9A1E7A4F7556}") = "QuestionAnswer.WebAPI", "src\projects\QuestionAnswer\QuestionAnswer.WebAPI\QuestionAnswer.WebAPI.csproj", "{D392FB04-C1AD-4948-8264-78803982A641}"
EndProject
Global
	GlobalSection(SolutionConfigurationPlatforms) = preSolution
		Debug|Any CPU = Debug|Any CPU
		Release|Any CPU = Release|Any CPU
	EndGlobalSection
	GlobalSection(ProjectConfigurationPlatforms) = postSolution
		{8868A9B4-B27D-4F9C-81EE-83D0FDA035AE}.Debug|Any CPU.ActiveCfg = Debug|Any CPU
		{8868A9B4-B27D-4F9C-81EE-83D0FDA035AE}.Debug|Any CPU.Build.0 = Debug|Any CPU
		{8868A9B4-B27D-4F9C-81EE-83D0FDA035AE}.Release|Any CPU.ActiveCfg = Release|Any CPU
		{8868A9B4-B27D-4F9C-81EE-83D0FDA035AE}.Release|Any CPU.Build.0 = Release|Any CPU
		{DB62885D-A349-497E-955B-0DE2B141D734}.Debug|Any CPU.ActiveCfg = Debug|Any CPU
		{DB62885D-A349-497E-955B-0DE2B141D734}.Debug|Any CPU.Build.0 = Debug|Any CPU
		{DB62885D-A349-497E-955B-0DE2B141D734}.Release|Any CPU.ActiveCfg = Release|Any CPU
		{DB62885D-A349-497E-955B-0DE2B141D734}.Release|Any CPU.Build.0 = Release|Any CPU
		{CF507548-AC05-4225-B456-E0FAF353D22B}.Debug|Any CPU.ActiveCfg = Debug|Any CPU
		{CF507548-AC05-4225-B456-E0FAF353D22B}.Debug|Any CPU.Build.0 = Debug|Any CPU
		{CF507548-AC05-4225-B456-E0FAF353D22B}.Release|Any CPU.ActiveCfg = Release|Any CPU
		{CF507548-AC05-4225-B456-E0FAF353D22B}.Release|Any CPU.Build.0 = Release|Any CPU
		{D93CBE6E-D144-4D00-9BB5-F958992A9D1D}.Debug|Any CPU.ActiveCfg = Debug|Any CPU
		{D93CBE6E-D144-4D00-9BB5-F958992A9D1D}.Debug|Any CPU.Build.0 = Debug|Any CPU
		{D93CBE6E-D144-4D00-9BB5-F958992A9D1D}.Release|Any CPU.ActiveCfg = Release|Any CPU
		{D93CBE6E-D144-4D00-9BB5-F958992A9D1D}.Release|Any CPU.Build.0 = Release|Any CPU
		{E0FD4660-BD33-4AD5-9698-FE39F5E42A41}.Debug|Any CPU.ActiveCfg = Debug|Any CPU
		{E0FD4660-BD33-4AD5-9698-FE39F5E42A41}.Debug|Any CPU.Build.0 = Debug|Any CPU
		{E0FD4660-BD33-4AD5-9698-FE39F5E42A41}.Release|Any CPU.ActiveCfg = Release|Any CPU
		{E0FD4660-BD33-4AD5-9698-FE39F5E42A41}.Release|Any CPU.Build.0 = Release|Any CPU
		{B4376C2B-BEE7-4965-A63B-0B224204074E}.Debug|Any CPU.ActiveCfg = Debug|Any CPU
		{B4376C2B-BEE7-4965-A63B-0B224204074E}.Debug|Any CPU.Build.0 = Debug|Any CPU
		{B4376C2B-BEE7-4965-A63B-0B224204074E}.Release|Any CPU.ActiveCfg = Release|Any CPU
		{B4376C2B-BEE7-4965-A63B-0B224204074E}.Release|Any CPU.Build.0 = Release|Any CPU
		{99457CB1-6C0A-4D58-B5E8-026A4486A299}.Debug|Any CPU.ActiveCfg = Debug|Any CPU
		{99457CB1-6C0A-4D58-B5E8-026A4486A299}.Debug|Any CPU.Build.0 = Debug|Any CPU
		{99457CB1-6C0A-4D58-B5E8-026A4486A299}.Release|Any CPU.ActiveCfg = Release|Any CPU
		{99457CB1-6C0A-4D58-B5E8-026A4486A299}.Release|Any CPU.Build.0 = Release|Any CPU
		{B42DA253-C962-42B3-ACE6-9B6FA45C0E71}.Debug|Any CPU.ActiveCfg = Debug|Any CPU
		{B42DA253-C962-42B3-ACE6-9B6FA45C0E71}.Debug|Any CPU.Build.0 = Debug|Any CPU
		{B42DA253-C962-42B3-ACE6-9B6FA45C0E71}.Release|Any CPU.ActiveCfg = Release|Any CPU
		{B42DA253-C962-42B3-ACE6-9B6FA45C0E71}.Release|Any CPU.Build.0 = Release|Any CPU
		{5D24F65C-23FA-4A15-A95B-2AAEABC92FF3}.Debug|Any CPU.ActiveCfg = Debug|Any CPU
		{5D24F65C-23FA-4A15-A95B-2AAEABC92FF3}.Debug|Any CPU.Build.0 = Debug|Any CPU
		{5D24F65C-23FA-4A15-A95B-2AAEABC92FF3}.Release|Any CPU.ActiveCfg = Release|Any CPU
		{5D24F65C-23FA-4A15-A95B-2AAEABC92FF3}.Release|Any CPU.Build.0 = Release|Any CPU
		{B1175231-0251-47DC-B523-BE20A17C331B}.Debug|Any CPU.ActiveCfg = Debug|Any CPU
		{B1175231-0251-47DC-B523-BE20A17C331B}.Debug|Any CPU.Build.0 = Debug|Any CPU
		{B1175231-0251-47DC-B523-BE20A17C331B}.Release|Any CPU.ActiveCfg = Release|Any CPU
		{B1175231-0251-47DC-B523-BE20A17C331B}.Release|Any CPU.Build.0 = Release|Any CPU
		{D41CCE96-F34A-4F78-BA71-543C5BEDBA29}.Debug|Any CPU.ActiveCfg = Debug|Any CPU
		{D41CCE96-F34A-4F78-BA71-543C5BEDBA29}.Debug|Any CPU.Build.0 = Debug|Any CPU
		{D41CCE96-F34A-4F78-BA71-543C5BEDBA29}.Release|Any CPU.ActiveCfg = Release|Any CPU
		{D41CCE96-F34A-4F78-BA71-543C5BEDBA29}.Release|Any CPU.Build.0 = Release|Any CPU
		{8269684C-60E1-425A-B469-285624EE1FC7}.Debug|Any CPU.ActiveCfg = Debug|Any CPU
		{8269684C-60E1-425A-B469-285624EE1FC7}.Debug|Any CPU.Build.0 = Debug|Any CPU
		{8269684C-60E1-425A-B469-285624EE1FC7}.Release|Any CPU.ActiveCfg = Release|Any CPU
		{8269684C-60E1-425A-B469-285624EE1FC7}.Release|Any CPU.Build.0 = Release|Any CPU
		{4C2678EF-E325-4617-B96C-F2C293A48694}.Debug|Any CPU.ActiveCfg = Debug|Any CPU
		{4C2678EF-E325-4617-B96C-F2C293A48694}.Debug|Any CPU.Build.0 = Debug|Any CPU
		{4C2678EF-E325-4617-B96C-F2C293A48694}.Release|Any CPU.ActiveCfg = Release|Any CPU
		{4C2678EF-E325-4617-B96C-F2C293A48694}.Release|Any CPU.Build.0 = Release|Any CPU
		{13D794CA-CFBC-44CE-816A-088768F62F88}.Debug|Any CPU.ActiveCfg = Debug|Any CPU
		{13D794CA-CFBC-44CE-816A-088768F62F88}.Debug|Any CPU.Build.0 = Debug|Any CPU
		{13D794CA-CFBC-44CE-816A-088768F62F88}.Release|Any CPU.ActiveCfg = Release|Any CPU
		{13D794CA-CFBC-44CE-816A-088768F62F88}.Release|Any CPU.Build.0 = Release|Any CPU
		{85672003-B41D-4323-A0E3-670D8901515F}.Debug|Any CPU.ActiveCfg = Debug|Any CPU
		{85672003-B41D-4323-A0E3-670D8901515F}.Debug|Any CPU.Build.0 = Debug|Any CPU
		{85672003-B41D-4323-A0E3-670D8901515F}.Release|Any CPU.ActiveCfg = Release|Any CPU
		{85672003-B41D-4323-A0E3-670D8901515F}.Release|Any CPU.Build.0 = Release|Any CPU
		{E1BC1F41-1FC8-4BDD-ADAE-4427E6E1A937}.Debug|Any CPU.ActiveCfg = Debug|Any CPU
		{E1BC1F41-1FC8-4BDD-ADAE-4427E6E1A937}.Debug|Any CPU.Build.0 = Debug|Any CPU
		{E1BC1F41-1FC8-4BDD-ADAE-4427E6E1A937}.Release|Any CPU.ActiveCfg = Release|Any CPU
		{E1BC1F41-1FC8-4BDD-ADAE-4427E6E1A937}.Release|Any CPU.Build.0 = Release|Any CPU
		{881F901F-C13F-4B7F-B2ED-6179967EF76F}.Debug|Any CPU.ActiveCfg = Debug|Any CPU
		{881F901F-C13F-4B7F-B2ED-6179967EF76F}.Debug|Any CPU.Build.0 = Debug|Any CPU
		{881F901F-C13F-4B7F-B2ED-6179967EF76F}.Release|Any CPU.ActiveCfg = Release|Any CPU
		{881F901F-C13F-4B7F-B2ED-6179967EF76F}.Release|Any CPU.Build.0 = Release|Any CPU
		{CBC00828-6590-4305-A1DE-0E541F9069A9}.Debug|Any CPU.ActiveCfg = Debug|Any CPU
		{CBC00828-6590-4305-A1DE-0E541F9069A9}.Debug|Any CPU.Build.0 = Debug|Any CPU
		{CBC00828-6590-4305-A1DE-0E541F9069A9}.Release|Any CPU.ActiveCfg = Release|Any CPU
		{CBC00828-6590-4305-A1DE-0E541F9069A9}.Release|Any CPU.Build.0 = Release|Any CPU
		{CEE317DA-BB90-452E-A8F4-92BB90A35333}.Debug|Any CPU.ActiveCfg = Debug|Any CPU
		{CEE317DA-BB90-452E-A8F4-92BB90A35333}.Debug|Any CPU.Build.0 = Debug|Any CPU
		{CEE317DA-BB90-452E-A8F4-92BB90A35333}.Release|Any CPU.ActiveCfg = Release|Any CPU
		{CEE317DA-BB90-452E-A8F4-92BB90A35333}.Release|Any CPU.Build.0 = Release|Any CPU
		{27A22EC9-9F29-4D79-B2D6-BAF9F56CEE60}.Debug|Any CPU.ActiveCfg = Debug|Any CPU
		{27A22EC9-9F29-4D79-B2D6-BAF9F56CEE60}.Debug|Any CPU.Build.0 = Debug|Any CPU
		{27A22EC9-9F29-4D79-B2D6-BAF9F56CEE60}.Release|Any CPU.ActiveCfg = Release|Any CPU
		{27A22EC9-9F29-4D79-B2D6-BAF9F56CEE60}.Release|Any CPU.Build.0 = Release|Any CPU
		{B29340CA-E8DE-4CCE-9E54-0B28E9F6DAEB}.Debug|Any CPU.ActiveCfg = Debug|Any CPU
		{B29340CA-E8DE-4CCE-9E54-0B28E9F6DAEB}.Debug|Any CPU.Build.0 = Debug|Any CPU
		{B29340CA-E8DE-4CCE-9E54-0B28E9F6DAEB}.Release|Any CPU.ActiveCfg = Release|Any CPU
		{B29340CA-E8DE-4CCE-9E54-0B28E9F6DAEB}.Release|Any CPU.Build.0 = Release|Any CPU
		{D969DD45-0F2E-4B70-89EF-F51152BF0129}.Debug|Any CPU.ActiveCfg = Debug|Any CPU
		{D969DD45-0F2E-4B70-89EF-F51152BF0129}.Debug|Any CPU.Build.0 = Debug|Any CPU
		{D969DD45-0F2E-4B70-89EF-F51152BF0129}.Release|Any CPU.ActiveCfg = Release|Any CPU
		{D969DD45-0F2E-4B70-89EF-F51152BF0129}.Release|Any CPU.Build.0 = Release|Any CPU
		{528C5A8C-D1C7-47C2-BE0A-8115A4EC6B31}.Debug|Any CPU.ActiveCfg = Debug|Any CPU
		{528C5A8C-D1C7-47C2-BE0A-8115A4EC6B31}.Debug|Any CPU.Build.0 = Debug|Any CPU
		{528C5A8C-D1C7-47C2-BE0A-8115A4EC6B31}.Release|Any CPU.ActiveCfg = Release|Any CPU
		{528C5A8C-D1C7-47C2-BE0A-8115A4EC6B31}.Release|Any CPU.Build.0 = Release|Any CPU
		{E3A5440C-1FE5-4954-B1FD-95CBB81E1E5A}.Debug|Any CPU.ActiveCfg = Debug|Any CPU
		{E3A5440C-1FE5-4954-B1FD-95CBB81E1E5A}.Debug|Any CPU.Build.0 = Debug|Any CPU
		{E3A5440C-1FE5-4954-B1FD-95CBB81E1E5A}.Release|Any CPU.ActiveCfg = Release|Any CPU
		{E3A5440C-1FE5-4954-B1FD-95CBB81E1E5A}.Release|Any CPU.Build.0 = Release|Any CPU
		{32C83B6F-344C-4030-AD3F-E7D9DD5B01C6}.Debug|Any CPU.ActiveCfg = Debug|Any CPU
		{32C83B6F-344C-4030-AD3F-E7D9DD5B01C6}.Debug|Any CPU.Build.0 = Debug|Any CPU
		{32C83B6F-344C-4030-AD3F-E7D9DD5B01C6}.Release|Any CPU.ActiveCfg = Release|Any CPU
		{32C83B6F-344C-4030-AD3F-E7D9DD5B01C6}.Release|Any CPU.Build.0 = Release|Any CPU
		{B8A26983-E8B1-4FD8-BC97-331F4F4A1C80}.Debug|Any CPU.ActiveCfg = Debug|Any CPU
		{B8A26983-E8B1-4FD8-BC97-331F4F4A1C80}.Debug|Any CPU.Build.0 = Debug|Any CPU
		{B8A26983-E8B1-4FD8-BC97-331F4F4A1C80}.Release|Any CPU.ActiveCfg = Release|Any CPU
		{B8A26983-E8B1-4FD8-BC97-331F4F4A1C80}.Release|Any CPU.Build.0 = Release|Any CPU
		{D392FB04-C1AD-4948-8264-78803982A641}.Debug|Any CPU.ActiveCfg = Debug|Any CPU
		{D392FB04-C1AD-4948-8264-78803982A641}.Debug|Any CPU.Build.0 = Debug|Any CPU
		{D392FB04-C1AD-4948-8264-78803982A641}.Release|Any CPU.ActiveCfg = Release|Any CPU
		{D392FB04-C1AD-4948-8264-78803982A641}.Release|Any CPU.Build.0 = Release|Any CPU
	EndGlobalSection
	GlobalSection(SolutionProperties) = preSolution
		HideSolutionNode = FALSE
	EndGlobalSection
	GlobalSection(NestedProjects) = preSolution
		{28EBA5FC-4683-4833-BF37-1F901BEC96B3} = {4DC69E2E-576E-4B3A-9634-B124BC69888F}
		{8868A9B4-B27D-4F9C-81EE-83D0FDA035AE} = {28EBA5FC-4683-4833-BF37-1F901BEC96B3}
		{DB62885D-A349-497E-955B-0DE2B141D734} = {28EBA5FC-4683-4833-BF37-1F901BEC96B3}
		{CF507548-AC05-4225-B456-E0FAF353D22B} = {28EBA5FC-4683-4833-BF37-1F901BEC96B3}
		{D93CBE6E-D144-4D00-9BB5-F958992A9D1D} = {28EBA5FC-4683-4833-BF37-1F901BEC96B3}
		{E0FD4660-BD33-4AD5-9698-FE39F5E42A41} = {28EBA5FC-4683-4833-BF37-1F901BEC96B3}
		{B4376C2B-BEE7-4965-A63B-0B224204074E} = {28EBA5FC-4683-4833-BF37-1F901BEC96B3}
		{7202B24F-590E-498D-8494-5CA511EB60BC} = {4DC69E2E-576E-4B3A-9634-B124BC69888F}
		{C96413CC-A34E-42C3-AE7F-D33F56087B51} = {7202B24F-590E-498D-8494-5CA511EB60BC}
		{99457CB1-6C0A-4D58-B5E8-026A4486A299} = {C96413CC-A34E-42C3-AE7F-D33F56087B51}
		{B42DA253-C962-42B3-ACE6-9B6FA45C0E71} = {C96413CC-A34E-42C3-AE7F-D33F56087B51}
		{5D24F65C-23FA-4A15-A95B-2AAEABC92FF3} = {C96413CC-A34E-42C3-AE7F-D33F56087B51}
		{B1175231-0251-47DC-B523-BE20A17C331B} = {C96413CC-A34E-42C3-AE7F-D33F56087B51}
		{D41CCE96-F34A-4F78-BA71-543C5BEDBA29} = {C96413CC-A34E-42C3-AE7F-D33F56087B51}
		{AD3323CB-9A8B-4FA2-B913-77B1850199C3} = {7202B24F-590E-498D-8494-5CA511EB60BC}
		{8269684C-60E1-425A-B469-285624EE1FC7} = {AD3323CB-9A8B-4FA2-B913-77B1850199C3}
		{4C2678EF-E325-4617-B96C-F2C293A48694} = {AD3323CB-9A8B-4FA2-B913-77B1850199C3}
		{13D794CA-CFBC-44CE-816A-088768F62F88} = {AD3323CB-9A8B-4FA2-B913-77B1850199C3}
		{85672003-B41D-4323-A0E3-670D8901515F} = {AD3323CB-9A8B-4FA2-B913-77B1850199C3}
		{3EC1A2EE-7DAE-446F-8310-CB303C047DB5} = {7202B24F-590E-498D-8494-5CA511EB60BC}
		{E1BC1F41-1FC8-4BDD-ADAE-4427E6E1A937} = {3EC1A2EE-7DAE-446F-8310-CB303C047DB5}
		{881F901F-C13F-4B7F-B2ED-6179967EF76F} = {3EC1A2EE-7DAE-446F-8310-CB303C047DB5}
		{CBC00828-6590-4305-A1DE-0E541F9069A9} = {3EC1A2EE-7DAE-446F-8310-CB303C047DB5}
		{CEE317DA-BB90-452E-A8F4-92BB90A35333} = {3EC1A2EE-7DAE-446F-8310-CB303C047DB5}
		{A6DE4896-1A3B-46F2-A702-206EC6923A27} = {7202B24F-590E-498D-8494-5CA511EB60BC}
		{27A22EC9-9F29-4D79-B2D6-BAF9F56CEE60} = {A6DE4896-1A3B-46F2-A702-206EC6923A27}
		{B29340CA-E8DE-4CCE-9E54-0B28E9F6DAEB} = {A6DE4896-1A3B-46F2-A702-206EC6923A27}
		{D969DD45-0F2E-4B70-89EF-F51152BF0129} = {A6DE4896-1A3B-46F2-A702-206EC6923A27}
		{528C5A8C-D1C7-47C2-BE0A-8115A4EC6B31} = {A6DE4896-1A3B-46F2-A702-206EC6923A27}
		{CCDD3ECF-D058-46FE-B03B-CFF0F9258C13} = {7202B24F-590E-498D-8494-5CA511EB60BC}
		{E3A5440C-1FE5-4954-B1FD-95CBB81E1E5A} = {CCDD3ECF-D058-46FE-B03B-CFF0F9258C13}
		{32C83B6F-344C-4030-AD3F-E7D9DD5B01C6} = {CCDD3ECF-D058-46FE-B03B-CFF0F9258C13}
		{B8A26983-E8B1-4FD8-BC97-331F4F4A1C80} = {CCDD3ECF-D058-46FE-B03B-CFF0F9258C13}
		{D392FB04-C1AD-4948-8264-78803982A641} = {CCDD3ECF-D058-46FE-B03B-CFF0F9258C13}
	EndGlobalSection
	GlobalSection(ExtensibilityGlobals) = postSolution
		SolutionGuid = {0BDF2F36-71FF-4FF4-AB18-6132005FE5D3}
	EndGlobalSection
EndGlobal
