
Microsoft Visual Studio Solution File, Format Version 12.00
# Visual Studio Version 17
VisualStudioVersion = 17.0.31903.59
MinimumVisualStudioVersion = 10.0.40219.1
Project("{2150E333-8FDC-42A3-9474-1A3956D46DE8}") = "Core", "Core", "{E1910D78-408D-41ED-9600-19CDC566577B}"
EndProject
Project("{9A19103F-16F7-4668-BE54-9A1E7A4F7556}") = "KRM3D.Core", "Core\KRM3D.Core\KRM3D.Core.csproj", "{9ADAE0E6-FA54-4D70-98A3-D0983F0FE3A1}"
EndProject
Project("{2150E333-8FDC-42A3-9474-1A3956D46DE8}") = "Services", "Services", "{3E9738F3-CDDD-4071-B42C-2098D18AB05B}"
EndProject
Project("{2150E333-8FDC-42A3-9474-1A3956D46DE8}") = "Catalog", "Catalog", "{F972EA1F-10FE-4D74-83E6-555B3CECAA6B}"
EndProject
Project("{9A19103F-16F7-4668-BE54-9A1E7A4F7556}") = "KRM3D.Services.Catalog.Business", "Services\Catalog\KRM3D.Services.Catalog.Business\KRM3D.Services.Catalog.Business.csproj", "{967DC148-62EC-4E03-9373-6152F47003E6}"
EndProject
Project("{9A19103F-16F7-4668-BE54-9A1E7A4F7556}") = "KRM3D.Services.Catalog.DataAccess", "Services\Catalog\KRM3D.Services.Catalog.DataAccess\KRM3D.Services.Catalog.DataAccess.csproj", "{CF061FEA-292B-4FD8-9A7D-75CFEC12A62D}"
EndProject
Project("{9A19103F-16F7-4668-BE54-9A1E7A4F7556}") = "KRM3D.Services.Catalog.Entities", "Services\Catalog\KRM3D.Services.Catalog.Entities\KRM3D.Services.Catalog.Entities.csproj", "{4A873526-421A-4D97-A451-57FFD65D4FC2}"
EndProject
Project("{9A19103F-16F7-4668-BE54-9A1E7A4F7556}") = "KRM3D.Services.Catalog.WebAPI", "Services\Catalog\KRM3D.Services.Catalog.WebAPI\KRM3D.Services.Catalog.WebAPI.csproj", "{D80B7F79-D9AA-4152-B7F2-1DE06EFABD6D}"
EndProject
Project("{2150E333-8FDC-42A3-9474-1A3956D46DE8}") = "IdentityServer", "IdentityServer", "{ED8B0710-A782-45B2-B155-F810605F430E}"
EndProject
Project("{9A19103F-16F7-4668-BE54-9A1E7A4F7556}") = "KRM3D.IdentityServer", "IdentityServer\KRM3D.IdentityServer\KRM3D.IdentityServer.csproj", "{E92DFA43-01AC-48C8-B6C9-DCA73174A739}"
EndProject
Project("{9A19103F-16F7-4668-BE54-9A1E7A4F7556}") = "KRM3D.IdentityServerAdmin", "IdentityServer\KRM3D.IdentityServerAdmin\KRM3D.IdentityServerAdmin.csproj", "{3AECF7CD-10C1-412A-9301-DB9BAF4D1A4B}"
EndProject
Project("{2150E333-8FDC-42A3-9474-1A3956D46DE8}") = "Gateways", "Gateways", "{9BF0C556-8835-44BB-A67C-75D8446CD2E0}"
EndProject
Project("{9A19103F-16F7-4668-BE54-9A1E7A4F7556}") = "KRM3D.Gateway", "Gateways\KRM3D.Gateway\KRM3D.Gateway.csproj", "{33241DCB-9840-4623-A446-109C81FF3AEA}"
EndProject
Project("{2150E333-8FDC-42A3-9474-1A3956D46DE8}") = "Solution Items", "Solution Items", "{557E2EA0-0E2E-4CB3-AF76-5315B037B566}"
	ProjectSection(SolutionItems) = preProject
		Ports.txt = Ports.txt
	EndProjectSection
EndProject
Project("{2150E333-8FDC-42A3-9474-1A3956D46DE8}") = "Course", "Course", "{2EFAE7A5-05D3-452C-8DF1-F1A049D950D9}"
EndProject
Project("{9A19103F-16F7-4668-BE54-9A1E7A4F7556}") = "KRM3D.Services.Course.Business", "KRM3D.Services.Course.Business\KRM3D.Services.Course.Business.csproj", "{39D4B86C-2969-4248-9008-17B56CE17FF7}"
EndProject
Project("{9A19103F-16F7-4668-BE54-9A1E7A4F7556}") = "KRM3D.Services.Course.DataAccess", "KRM3D.Services.Course.DataAccess\KRM3D.Services.Course.DataAccess.csproj", "{2E583583-9293-4AD2-818C-0A29E93672CF}"
EndProject
Project("{9A19103F-16F7-4668-BE54-9A1E7A4F7556}") = "KRM3D.Services.Course.Entities", "KRM3D.Services.Course.Entities\KRM3D.Services.Course.Entities.csproj", "{A1FA05D5-9440-4C4C-BA23-561961DFDF9E}"
EndProject
Project("{9A19103F-16F7-4668-BE54-9A1E7A4F7556}") = "KRM3D.Services.Course.WebAPI", "KRM3D.Services.Course.WebAPI\KRM3D.Services.Course.WebAPI.csproj", "{662F368B-EE11-470A-B673-C6EE023F7DC8}"
EndProject
Global
	GlobalSection(SolutionConfigurationPlatforms) = preSolution
		Debug|Any CPU = Debug|Any CPU
		Release|Any CPU = Release|Any CPU
	EndGlobalSection
	GlobalSection(ProjectConfigurationPlatforms) = postSolution
		{9ADAE0E6-FA54-4D70-98A3-D0983F0FE3A1}.Debug|Any CPU.ActiveCfg = Debug|Any CPU
		{9ADAE0E6-FA54-4D70-98A3-D0983F0FE3A1}.Debug|Any CPU.Build.0 = Debug|Any CPU
		{9ADAE0E6-FA54-4D70-98A3-D0983F0FE3A1}.Release|Any CPU.ActiveCfg = Release|Any CPU
		{9ADAE0E6-FA54-4D70-98A3-D0983F0FE3A1}.Release|Any CPU.Build.0 = Release|Any CPU
		{967DC148-62EC-4E03-9373-6152F47003E6}.Debug|Any CPU.ActiveCfg = Debug|Any CPU
		{967DC148-62EC-4E03-9373-6152F47003E6}.Debug|Any CPU.Build.0 = Debug|Any CPU
		{967DC148-62EC-4E03-9373-6152F47003E6}.Release|Any CPU.ActiveCfg = Release|Any CPU
		{967DC148-62EC-4E03-9373-6152F47003E6}.Release|Any CPU.Build.0 = Release|Any CPU
		{CF061FEA-292B-4FD8-9A7D-75CFEC12A62D}.Debug|Any CPU.ActiveCfg = Debug|Any CPU
		{CF061FEA-292B-4FD8-9A7D-75CFEC12A62D}.Debug|Any CPU.Build.0 = Debug|Any CPU
		{CF061FEA-292B-4FD8-9A7D-75CFEC12A62D}.Release|Any CPU.ActiveCfg = Release|Any CPU
		{CF061FEA-292B-4FD8-9A7D-75CFEC12A62D}.Release|Any CPU.Build.0 = Release|Any CPU
		{4A873526-421A-4D97-A451-57FFD65D4FC2}.Debug|Any CPU.ActiveCfg = Debug|Any CPU
		{4A873526-421A-4D97-A451-57FFD65D4FC2}.Debug|Any CPU.Build.0 = Debug|Any CPU
		{4A873526-421A-4D97-A451-57FFD65D4FC2}.Release|Any CPU.ActiveCfg = Release|Any CPU
		{4A873526-421A-4D97-A451-57FFD65D4FC2}.Release|Any CPU.Build.0 = Release|Any CPU
		{D80B7F79-D9AA-4152-B7F2-1DE06EFABD6D}.Debug|Any CPU.ActiveCfg = Debug|Any CPU
		{D80B7F79-D9AA-4152-B7F2-1DE06EFABD6D}.Debug|Any CPU.Build.0 = Debug|Any CPU
		{D80B7F79-D9AA-4152-B7F2-1DE06EFABD6D}.Release|Any CPU.ActiveCfg = Release|Any CPU
		{D80B7F79-D9AA-4152-B7F2-1DE06EFABD6D}.Release|Any CPU.Build.0 = Release|Any CPU
		{E92DFA43-01AC-48C8-B6C9-DCA73174A739}.Debug|Any CPU.ActiveCfg = Debug|Any CPU
		{E92DFA43-01AC-48C8-B6C9-DCA73174A739}.Debug|Any CPU.Build.0 = Debug|Any CPU
		{E92DFA43-01AC-48C8-B6C9-DCA73174A739}.Release|Any CPU.ActiveCfg = Release|Any CPU
		{E92DFA43-01AC-48C8-B6C9-DCA73174A739}.Release|Any CPU.Build.0 = Release|Any CPU
		{3AECF7CD-10C1-412A-9301-DB9BAF4D1A4B}.Debug|Any CPU.ActiveCfg = Debug|Any CPU
		{3AECF7CD-10C1-412A-9301-DB9BAF4D1A4B}.Debug|Any CPU.Build.0 = Debug|Any CPU
		{3AECF7CD-10C1-412A-9301-DB9BAF4D1A4B}.Release|Any CPU.ActiveCfg = Release|Any CPU
		{3AECF7CD-10C1-412A-9301-DB9BAF4D1A4B}.Release|Any CPU.Build.0 = Release|Any CPU
		{33241DCB-9840-4623-A446-109C81FF3AEA}.Debug|Any CPU.ActiveCfg = Debug|Any CPU
		{33241DCB-9840-4623-A446-109C81FF3AEA}.Debug|Any CPU.Build.0 = Debug|Any CPU
		{33241DCB-9840-4623-A446-109C81FF3AEA}.Release|Any CPU.ActiveCfg = Release|Any CPU
		{33241DCB-9840-4623-A446-109C81FF3AEA}.Release|Any CPU.Build.0 = Release|Any CPU
		{39D4B86C-2969-4248-9008-17B56CE17FF7}.Debug|Any CPU.ActiveCfg = Debug|Any CPU
		{39D4B86C-2969-4248-9008-17B56CE17FF7}.Debug|Any CPU.Build.0 = Debug|Any CPU
		{39D4B86C-2969-4248-9008-17B56CE17FF7}.Release|Any CPU.ActiveCfg = Release|Any CPU
		{39D4B86C-2969-4248-9008-17B56CE17FF7}.Release|Any CPU.Build.0 = Release|Any CPU
		{2E583583-9293-4AD2-818C-0A29E93672CF}.Debug|Any CPU.ActiveCfg = Debug|Any CPU
		{2E583583-9293-4AD2-818C-0A29E93672CF}.Debug|Any CPU.Build.0 = Debug|Any CPU
		{2E583583-9293-4AD2-818C-0A29E93672CF}.Release|Any CPU.ActiveCfg = Release|Any CPU
		{2E583583-9293-4AD2-818C-0A29E93672CF}.Release|Any CPU.Build.0 = Release|Any CPU
		{A1FA05D5-9440-4C4C-BA23-561961DFDF9E}.Debug|Any CPU.ActiveCfg = Debug|Any CPU
		{A1FA05D5-9440-4C4C-BA23-561961DFDF9E}.Debug|Any CPU.Build.0 = Debug|Any CPU
		{A1FA05D5-9440-4C4C-BA23-561961DFDF9E}.Release|Any CPU.ActiveCfg = Release|Any CPU
		{A1FA05D5-9440-4C4C-BA23-561961DFDF9E}.Release|Any CPU.Build.0 = Release|Any CPU
		{662F368B-EE11-470A-B673-C6EE023F7DC8}.Debug|Any CPU.ActiveCfg = Debug|Any CPU
		{662F368B-EE11-470A-B673-C6EE023F7DC8}.Debug|Any CPU.Build.0 = Debug|Any CPU
		{662F368B-EE11-470A-B673-C6EE023F7DC8}.Release|Any CPU.ActiveCfg = Release|Any CPU
		{662F368B-EE11-470A-B673-C6EE023F7DC8}.Release|Any CPU.Build.0 = Release|Any CPU
	EndGlobalSection
	GlobalSection(SolutionProperties) = preSolution
		HideSolutionNode = FALSE
	EndGlobalSection
	GlobalSection(NestedProjects) = preSolution
		{9ADAE0E6-FA54-4D70-98A3-D0983F0FE3A1} = {E1910D78-408D-41ED-9600-19CDC566577B}
		{F972EA1F-10FE-4D74-83E6-555B3CECAA6B} = {3E9738F3-CDDD-4071-B42C-2098D18AB05B}
		{967DC148-62EC-4E03-9373-6152F47003E6} = {F972EA1F-10FE-4D74-83E6-555B3CECAA6B}
		{CF061FEA-292B-4FD8-9A7D-75CFEC12A62D} = {F972EA1F-10FE-4D74-83E6-555B3CECAA6B}
		{4A873526-421A-4D97-A451-57FFD65D4FC2} = {F972EA1F-10FE-4D74-83E6-555B3CECAA6B}
		{D80B7F79-D9AA-4152-B7F2-1DE06EFABD6D} = {F972EA1F-10FE-4D74-83E6-555B3CECAA6B}
		{E92DFA43-01AC-48C8-B6C9-DCA73174A739} = {ED8B0710-A782-45B2-B155-F810605F430E}
		{3AECF7CD-10C1-412A-9301-DB9BAF4D1A4B} = {ED8B0710-A782-45B2-B155-F810605F430E}
		{33241DCB-9840-4623-A446-109C81FF3AEA} = {9BF0C556-8835-44BB-A67C-75D8446CD2E0}
		{2EFAE7A5-05D3-452C-8DF1-F1A049D950D9} = {3E9738F3-CDDD-4071-B42C-2098D18AB05B}
		{39D4B86C-2969-4248-9008-17B56CE17FF7} = {2EFAE7A5-05D3-452C-8DF1-F1A049D950D9}
		{2E583583-9293-4AD2-818C-0A29E93672CF} = {2EFAE7A5-05D3-452C-8DF1-F1A049D950D9}
		{A1FA05D5-9440-4C4C-BA23-561961DFDF9E} = {2EFAE7A5-05D3-452C-8DF1-F1A049D950D9}
		{662F368B-EE11-470A-B673-C6EE023F7DC8} = {2EFAE7A5-05D3-452C-8DF1-F1A049D950D9}
	EndGlobalSection
	GlobalSection(ExtensibilityGlobals) = postSolution
		SolutionGuid = {0DA623FC-65A8-4579-9D73-ABD4DBC6F42B}
	EndGlobalSection
EndGlobal
